// !$*UTF8*$!
{
	archiveVersion = 1;
	classes = {
	};
	objectVersion = 77;
	objects = {

/* Begin PBXContainerItemProxy section */
		2CC951862D8A7A4E00A9C2F9 /* PBXContainerItemProxy */ = {
			isa = PBXContainerItemProxy;
			containerPortal = 2CC951672D8A7A4C00A9C2F9 /* Project object */;
			proxyType = 1;
			remoteGlobalIDString = 2CC9516E2D8A7A4C00A9C2F9;
			remoteInfo = ProductApp;
		};
		2CC951902D8A7A4E00A9C2F9 /* PBXContainerItemProxy */ = {
			isa = PBXContainerItemProxy;
			containerPortal = 2CC951672D8A7A4C00A9C2F9 /* Project object */;
			proxyType = 1;
			remoteGlobalIDString = 2CC9516E2D8A7A4C00A9C2F9;
			remoteInfo = ProductApp;
		};
/* End PBXContainerItemProxy section */

/* Begin PBXFileReference section */
		2CC9516F2D8A7A4C00A9C2F9 /* ProductApp.app */ = {isa = PBXFileReference; explicitFileType = wrapper.application; includeInIndex = 0; path = ProductApp.app; sourceTree = BUILT_PRODUCTS_DIR; };
		2CC951852D8A7A4E00A9C2F9 /* ProductAppTests.xctest */ = {isa = PBXFileReference; explicitFileType = wrapper.cfbundle; includeInIndex = 0; path = ProductAppTests.xctest; sourceTree = BUILT_PRODUCTS_DIR; };
		2CC9518F2D8A7A4E00A9C2F9 /* ProductAppUITests.xctest */ = {isa = PBXFileReference; explicitFileType = wrapper.cfbundle; includeInIndex = 0; path = ProductAppUITests.xctest; sourceTree = BUILT_PRODUCTS_DIR; };
/* End PBXFileReference section */

/* Begin PBXFileSystemSynchronizedBuildFileExceptionSet section */
		2CC951972D8A7A4E00A9C2F9 /* Exceptions for "ProductApp" folder in "ProductApp" target */ = {
			isa = PBXFileSystemSynchronizedBuildFileExceptionSet;
			membershipExceptions = (
				Info.plist,
			);
			target = 2CC9516E2D8A7A4C00A9C2F9 /* ProductApp */;
		};
/* End PBXFileSystemSynchronizedBuildFileExceptionSet section */

/* Begin PBXFileSystemSynchronizedRootGroup section */
		2CC951712D8A7A4C00A9C2F9 /* ProductApp */ = {
			isa = PBXFileSystemSynchronizedRootGroup;
			exceptions = (
				2CC951972D8A7A4E00A9C2F9 /* Exceptions for "ProductApp" folder in "ProductApp" target */,
			);
			path = ProductApp;
			sourceTree = "<group>";
		};
		2CC951882D8A7A4E00A9C2F9 /* ProductAppTests */ = {
			isa = PBXFileSystemSynchronizedRootGroup;
			path = ProductAppTests;
			sourceTree = "<group>";
		};
		2CC951922D8A7A4E00A9C2F9 /* ProductAppUITests */ = {
			isa = PBXFileSystemSynchronizedRootGroup;
			path = ProductAppUITests;
			sourceTree = "<group>";
		};
/* End PBXFileSystemSynchronizedRootGroup section */

/* Begin PBXFrameworksBuildPhase section */
		2CC9516C2D8A7A4C00A9C2F9 /* Frameworks */ = {
			isa = PBXFrameworksBuildPhase;
			buildActionMask = 2147483647;
			files = (
			);
			runOnlyForDeploymentPostprocessing = 0;
		};
		2CC951822D8A7A4E00A9C2F9 /* Frameworks */ = {
			isa = PBXFrameworksBuildPhase;
			buildActionMask = 2147483647;
			files = (
			);
			runOnlyForDeploymentPostprocessing = 0;
		};
		2CC9518C2D8A7A4E00A9C2F9 /* Frameworks */ = {
			isa = PBXFrameworksBuildPhase;
			buildActionMask = 2147483647;
			files = (
			);
			runOnlyForDeploymentPostprocessing = 0;
		};
/* End PBXFrameworksBuildPhase section */

/* Begin PBXGroup section */
		2CC951662D8A7A4C00A9C2F9 = {
			isa = PBXGroup;
			children = (
				2CC951712D8A7A4C00A9C2F9 /* ProductApp */,
				2CC951882D8A7A4E00A9C2F9 /* ProductAppTests */,
				2CC951922D8A7A4E00A9C2F9 /* ProductAppUITests */,
				2CC951702D8A7A4C00A9C2F9 /* Products */,
			);
			sourceTree = "<group>";
		};
		2CC951702D8A7A4C00A9C2F9 /* Products */ = {
			isa = PBXGroup;
			children = (
				2CC9516F2D8A7A4C00A9C2F9 /* ProductApp.app */,
				2CC951852D8A7A4E00A9C2F9 /* ProductAppTests.xctest */,
				2CC9518F2D8A7A4E00A9C2F9 /* ProductAppUITests.xctest */,
			);
			name = Products;
			sourceTree = "<group>";
		};
/* End PBXGroup section */

/* Begin PBXNativeTarget section */
		2CC9516E2D8A7A4C00A9C2F9 /* ProductApp */ = {
			isa = PBXNativeTarget;
			buildConfigurationList = 2CC951982D8A7A4E00A9C2F9 /* Build configuration list for PBXNativeTarget "ProductApp" */;
			buildPhases = (
				2CC9516B2D8A7A4C00A9C2F9 /* Sources */,
				2CC9516C2D8A7A4C00A9C2F9 /* Frameworks */,
				2CC9516D2D8A7A4C00A9C2F9 /* Resources */,
			);
			buildRules = (
			);
			dependencies = (
			);
			fileSystemSynchronizedGroups = (
				2CC951712D8A7A4C00A9C2F9 /* ProductApp */,
			);
			name = ProductApp;
			packageProductDependencies = (
			);
			productName = ProductApp;
			productReference = 2CC9516F2D8A7A4C00A9C2F9 /* ProductApp.app */;
			productType = "com.apple.product-type.application";
		};
		2CC951842D8A7A4E00A9C2F9 /* ProductAppTests */ = {
			isa = PBXNativeTarget;
			buildConfigurationList = 2CC9519D2D8A7A4E00A9C2F9 /* Build configuration list for PBXNativeTarget "ProductAppTests" */;
			buildPhases = (
				2CC951812D8A7A4E00A9C2F9 /* Sources */,
				2CC951822D8A7A4E00A9C2F9 /* Frameworks */,
				2CC951832D8A7A4E00A9C2F9 /* Resources */,
			);
			buildRules = (
			);
			dependencies = (
				2CC951872D8A7A4E00A9C2F9 /* PBXTargetDependency */,
			);
			fileSystemSynchronizedGroups = (
				2CC951882D8A7A4E00A9C2F9 /* ProductAppTests */,
			);
			name = ProductAppTests;
			packageProductDependencies = (
			);
			productName = ProductAppTests;
			productReference = 2CC951852D8A7A4E00A9C2F9 /* ProductAppTests.xctest */;
			productType = "com.apple.product-type.bundle.unit-test";
		};
		2CC9518E2D8A7A4E00A9C2F9 /* ProductAppUITests */ = {
			isa = PBXNativeTarget;
			buildConfigurationList = 2CC951A02D8A7A4E00A9C2F9 /* Build configuration list for PBXNativeTarget "ProductAppUITests" */;
			buildPhases = (
				2CC9518B2D8A7A4E00A9C2F9 /* Sources */,
				2CC9518C2D8A7A4E00A9C2F9 /* Frameworks */,
				2CC9518D2D8A7A4E00A9C2F9 /* Resources */,
			);
			buildRules = (
			);
			dependencies = (
				2CC951912D8A7A4E00A9C2F9 /* PBXTargetDependency */,
			);
			fileSystemSynchronizedGroups = (
				2CC951922D8A7A4E00A9C2F9 /* ProductAppUITests */,
			);
			name = ProductAppUITests;
			packageProductDependencies = (
			);
			productName = ProductAppUITests;
			productReference = 2CC9518F2D8A7A4E00A9C2F9 /* ProductAppUITests.xctest */;
			productType = "com.apple.product-type.bundle.ui-testing";
		};
/* End PBXNativeTarget section */

/* Begin PBXProject section */
		2CC951672D8A7A4C00A9C2F9 /* Project object */ = {
			isa = PBXProject;
			attributes = {
				BuildIndependentTargetsInParallel = 1;
				LastSwiftUpdateCheck = 1620;
				LastUpgradeCheck = 1620;
				TargetAttributes = {
					2CC9516E2D8A7A4C00A9C2F9 = {
						CreatedOnToolsVersion = 16.2;
					};
					2CC951842D8A7A4E00A9C2F9 = {
						CreatedOnToolsVersion = 16.2;
						TestTargetID = 2CC9516E2D8A7A4C00A9C2F9;
					};
					2CC9518E2D8A7A4E00A9C2F9 = {
						CreatedOnToolsVersion = 16.2;
						TestTargetID = 2CC9516E2D8A7A4C00A9C2F9;
					};
				};
			};
			buildConfigurationList = 2CC9516A2D8A7A4C00A9C2F9 /* Build configuration list for PBXProject "ProductApp" */;
			developmentRegion = en;
			hasScannedForEncodings = 0;
			knownRegions = (
				en,
				Base,
			);
			mainGroup = 2CC951662D8A7A4C00A9C2F9;
			minimizedProjectReferenceProxies = 1;
			preferredProjectObjectVersion = 77;
			productRefGroup = 2CC951702D8A7A4C00A9C2F9 /* Products */;
			projectDirPath = "";
			projectRoot = "";
			targets = (
				2CC9516E2D8A7A4C00A9C2F9 /* ProductApp */,
				2CC951842D8A7A4E00A9C2F9 /* ProductAppTests */,
				2CC9518E2D8A7A4E00A9C2F9 /* ProductAppUITests */,
			);
		};
/* End PBXProject section */

/* Begin PBXResourcesBuildPhase section */
		2CC9516D2D8A7A4C00A9C2F9 /* Resources */ = {
			isa = PBXResourcesBuildPhase;
			buildActionMask = 2147483647;
			files = (
			);
			runOnlyForDeploymentPostprocessing = 0;
		};
		2CC951832D8A7A4E00A9C2F9 /* Resources */ = {
			isa = PBXResourcesBuildPhase;
			buildActionMask = 2147483647;
			files = (
			);
			runOnlyForDeploymentPostprocessing = 0;
		};
		2CC9518D2D8A7A4E00A9C2F9 /* Resources */ = {
			isa = PBXResourcesBuildPhase;
			buildActionMask = 2147483647;
			files = (
			);
			runOnlyForDeploymentPostprocessing = 0;
		};
/* End PBXResourcesBuildPhase section */

/* Begin PBXSourcesBuildPhase section */
		2CC9516B2D8A7A4C00A9C2F9 /* Sources */ = {
			isa = PBXSourcesBuildPhase;
			buildActionMask = 2147483647;
			files = (
			);
			runOnlyForDeploymentPostprocessing = 0;
		};
		2CC951812D8A7A4E00A9C2F9 /* Sources */ = {
			isa = PBXSourcesBuildPhase;
			buildActionMask = 2147483647;
			files = (
			);
			runOnlyForDeploymentPostprocessing = 0;
		};
		2CC9518B2D8A7A4E00A9C2F9 /* Sources */ = {
			isa = PBXSourcesBuildPhase;
			buildActionMask = 2147483647;
			files = (
			);
			runOnlyForDeploymentPostprocessing = 0;
		};
/* End PBXSourcesBuildPhase section */

/* Begin PBXTargetDependency section */
		2CC951872D8A7A4E00A9C2F9 /* PBXTargetDependency */ = {
			isa = PBXTargetDependency;
			target = 2CC9516E2D8A7A4C00A9C2F9 /* ProductApp */;
			targetProxy = 2CC951862D8A7A4E00A9C2F9 /* PBXContainerItemProxy */;
		};
		2CC951912D8A7A4E00A9C2F9 /* PBXTargetDependency */ = {
			isa = PBXTargetDependency;
			target = 2CC9516E2D8A7A4C00A9C2F9 /* ProductApp */;
			targetProxy = 2CC951902D8A7A4E00A9C2F9 /* PBXContainerItemProxy */;
		};
/* End PBXTargetDependency section */

/* Begin XCBuildConfiguration section */
		2CC951992D8A7A4E00A9C2F9 /* Debug */ = {
			isa = XCBuildConfiguration;
			buildSettings = {
				ASSETCATALOG_COMPILER_APPICON_NAME = AppIcon;
				ASSETCATALOG_COMPILER_GLOBAL_ACCENT_COLOR_NAME = AccentColor;
				CODE_SIGN_STYLE = Automatic;
				CURRENT_PROJECT_VERSION = 1;
				DEVELOPMENT_TEAM = 46373LZ8Y6;
				GENERATE_INFOPLIST_FILE = YES;
				INFOPLIST_FILE = ProductApp/Info.plist;
				INFOPLIST_KEY_UIApplicationSupportsIndirectInputEvents = YES;
				INFOPLIST_KEY_UILaunchStoryboardName = LaunchScreen;
				INFOPLIST_KEY_UIMainStoryboardFile = Main;
				INFOPLIST_KEY_UISupportedInterfaceOrientations_iPad = "UIInterfaceOrientationPortrait UIInterfaceOrientationPortraitUpsideDown UIInterfaceOrientationLandscapeLeft UIInterfaceOrientationLandscapeRight";
				INFOPLIST_KEY_UISupportedInterfaceOrientations_iPhone = "UIInterfaceOrientationPortrait UIInterfaceOrientationLandscapeLeft UIInterfaceOrientationLandscapeRight";
				LD_RUNPATH_SEARCH_PATHS = (
					"$(inherited)",
					"@executable_path/Frameworks",
				);
				MARKETING_VERSION = 1.0;
				PRODUCT_BUNDLE_IDENTIFIER = com.nitin.ProductApp;
				PRODUCT_NAME = "$(TARGET_NAME)";
				SWIFT_EMIT_LOC_STRINGS = YES;
				SWIFT_VERSION = 5.0;
				TARGETED_DEVICE_FAMILY = "1,2";
			};
			name = Debug;
		};
		2CC9519A2D8A7A4E00A9C2F9 /* Release */ = {
			isa = XCBuildConfiguration;
			buildSettings = {
				ASSETCATALOG_COMPILER_APPICON_NAME = AppIcon;
				ASSETCATALOG_COMPILER_GLOBAL_ACCENT_COLOR_NAME = AccentColor;
				CODE_SIGN_STYLE = Automatic;
				CURRENT_PROJECT_VERSION = 1;
				DEVELOPMENT_TEAM = 46373LZ8Y6;
				GENERATE_INFOPLIST_FILE = YES;
				INFOPLIST_FILE = ProductApp/Info.plist;
				INFOPLIST_KEY_UIApplicationSupportsIndirectInputEvents = YES;
				INFOPLIST_KEY_UILaunchStoryboardName = LaunchScreen;
				INFOPLIST_KEY_UIMainStoryboardFile = Main;
				INFOPLIST_KEY_UISupportedInterfaceOrientations_iPad = "UIInterfaceOrientationPortrait UIInterfaceOrientationPortraitUpsideDown UIInterfaceOrientationLandscapeLeft UIInterfaceOrientationLandscapeRight";
				INFOPLIST_KEY_UISupportedInterfaceOrientations_iPhone = "UIInterfaceOrientationPortrait UIInterfaceOrientationLandscapeLeft UIInterfaceOrientationLandscapeRight";
				LD_RUNPATH_SEARCH_PATHS = (
					"$(inherited)",
					"@executable_path/Frameworks",
				);
				MARKETING_VERSION = 1.0;
				PRODUCT_BUNDLE_IDENTIFIER = com.nitin.ProductApp;
				PRODUCT_NAME = "$(TARGET_NAME)";
				SWIFT_EMIT_LOC_STRINGS = YES;
				SWIFT_VERSION = 5.0;
				TARGETED_DEVICE_FAMILY = "1,2";
			};
			name = Release;
		};
		2CC9519B2D8A7A4E00A9C2F9 /* Debug */ = {
			isa = XCBuildConfiguration;
			buildSettings = {
				ALWAYS_SEARCH_USER_PATHS = NO;
				ASSETCATALOG_COMPILER_GENERATE_SWIFT_ASSET_SYMBOL_EXTENSIONS = YES;
				CLANG_ANALYZER_NONNULL = YES;
				CLANG_ANALYZER_NUMBER_OBJECT_CONVERSION = YES_AGGRESSIVE;
				CLANG_CXX_LANGUAGE_STANDARD = "gnu++20";
				CLANG_ENABLE_MODULES = YES;
				CLANG_ENABLE_OBJC_ARC = YES;
				CLANG_ENABLE_OBJC_WEAK = YES;
				CLANG_WARN_BLOCK_CAPTURE_AUTORELEASING = YES;
				CLANG_WARN_BOOL_CONVERSION = YES;
				CLANG_WARN_COMMA = YES;
				CLANG_WARN_CONSTANT_CONVERSION = YES;
				CLANG_WARN_DEPRECATED_OBJC_IMPLEMENTATIONS = YES;
				CLANG_WARN_DIRECT_OBJC_ISA_USAGE = YES_ERROR;
				CLANG_WARN_DOCUMENTATION_COMMENTS = YES;
				CLANG_WARN_EMPTY_BODY = YES;
				CLANG_WARN_ENUM_CONVERSION = YES;
				CLANG_WARN_INFINITE_RECURSION = YES;
				CLANG_WARN_INT_CONVERSION = YES;
				CLANG_WARN_NON_LITERAL_NULL_CONVERSION = YES;
				CLANG_WARN_OBJC_IMPLICIT_RETAIN_SELF = YES;
				CLANG_WARN_OBJC_LITERAL_CONVERSION = YES;
				CLANG_WARN_OBJC_ROOT_CLASS = YES_ERROR;
				CLANG_WARN_QUOTED_INCLUDE_IN_FRAMEWORK_HEADER = YES;
				CLANG_WARN_RANGE_LOOP_ANALYSIS = YES;
				CLANG_WARN_STRICT_PROTOTYPES = YES;
				CLANG_WARN_SUSPICIOUS_MOVE = YES;
				CLANG_WARN_UNGUARDED_AVAILABILITY = YES_AGGRESSIVE;
				CLANG_WARN_UNREACHABLE_CODE = YES;
				CLANG_WARN__DUPLICATE_METHOD_MATCH = YES;
				COPY_PHASE_STRIP = NO;
				DEBUG_INFORMATION_FORMAT = dwarf;
				ENABLE_STRICT_OBJC_MSGSEND = YES;
				ENABLE_TESTABILITY = YES;
				ENABLE_USER_SCRIPT_SANDBOXING = YES;
				GCC_C_LANGUAGE_STANDARD = gnu17;
				GCC_DYNAMIC_NO_PIC = NO;
				GCC_NO_COMMON_BLOCKS = YES;
				GCC_OPTIMIZATION_LEVEL = 0;
				GCC_PREPROCESSOR_DEFINITIONS = (
					"DEBUG=1",
					"$(inherited)",
				);
				GCC_WARN_64_TO_32_BIT_CONVERSION = YES;
				GCC_WARN_ABOUT_RETURN_TYPE = YES_ERROR;
				GCC_WARN_UNDECLARED_SELECTOR = YES;
				GCC_WARN_UNINITIALIZED_AUTOS = YES_AGGRESSIVE;
				GCC_WARN_UNUSED_FUNCTION = YES;
				GCC_WARN_UNUSED_VARIABLE = YES;
				IPHONEOS_DEPLOYMENT_TARGET = 18.2;
				LOCALIZATION_PREFERS_STRING_CATALOGS = YES;
				MTL_ENABLE_DEBUG_INFO = INCLUDE_SOURCE;
				MTL_FAST_MATH = YES;
				ONLY_ACTIVE_ARCH = YES;
				SDKROOT = iphoneos;
				SWIFT_ACTIVE_COMPILATION_CONDITIONS = "DEBUG $(inherited)";
				SWIFT_OPTIMIZATION_LEVEL = "-Onone";
			};
			name = Debug;
		};
		2CC9519C2D8A7A4E00A9C2F9 /* Release */ = {
			isa = XCBuildConfiguration;
			buildSettings = {
				ALWAYS_SEARCH_USER_PATHS = NO;
				ASSETCATALOG_COMPILER_GENERATE_SWIFT_ASSET_SYMBOL_EXTENSIONS = YES;
				CLANG_ANALYZER_NONNULL = YES;
				CLANG_ANALYZER_NUMBER_OBJECT_CONVERSION = YES_AGGRESSIVE;
				CLANG_CXX_LANGUAGE_STANDARD = "gnu++20";
				CLANG_ENABLE_MODULES = YES;
				CLANG_ENABLE_OBJC_ARC = YES;
				CLANG_ENABLE_OBJC_WEAK = YES;
				CLANG_WARN_BLOCK_CAPTURE_AUTORELEASING = YES;
				CLANG_WARN_BOOL_CONVERSION = YES;
				CLANG_WARN_COMMA = YES;
				CLANG_WARN_CONSTANT_CONVERSION = YES;
				CLANG_WARN_DEPRECATED_OBJC_IMPLEMENTATIONS = YES;
				CLANG_WARN_DIRECT_OBJC_ISA_USAGE = YES_ERROR;
				CLANG_WARN_DOCUMENTATION_COMMENTS = YES;
				CLANG_WARN_EMPTY_BODY = YES;
				CLANG_WARN_ENUM_CONVERSION = YES;
				CLANG_WARN_INFINITE_RECURSION = YES;
				CLANG_WARN_INT_CONVERSION = YES;
				CLANG_WARN_NON_LITERAL_NULL_CONVERSION = YES;
				CLANG_WARN_OBJC_IMPLICIT_RETAIN_SELF = YES;
				CLANG_WARN_OBJC_LITERAL_CONVERSION = YES;
				CLANG_WARN_OBJC_ROOT_CLASS = YES_ERROR;
				CLANG_WARN_QUOTED_INCLUDE_IN_FRAMEWORK_HEADER = YES;
				CLANG_WARN_RANGE_LOOP_ANALYSIS = YES;
				CLANG_WARN_STRICT_PROTOTYPES = YES;
				CLANG_WARN_SUSPICIOUS_MOVE = YES;
				CLANG_WARN_UNGUARDED_AVAILABILITY = YES_AGGRESSIVE;
				CLANG_WARN_UNREACHABLE_CODE = YES;
				CLANG_WARN__DUPLICATE_METHOD_MATCH = YES;
				COPY_PHASE_STRIP = NO;
				DEBUG_INFORMATION_FORMAT = "dwarf-with-dsym";
				ENABLE_NS_ASSERTIONS = NO;
				ENABLE_STRICT_OBJC_MSGSEND = YES;
				ENABLE_USER_SCRIPT_SANDBOXING = YES;
				GCC_C_LANGUAGE_STANDARD = gnu17;
				GCC_NO_COMMON_BLOCKS = YES;
				GCC_WARN_64_TO_32_BIT_CONVERSION = YES;
				GCC_WARN_ABOUT_RETURN_TYPE = YES_ERROR;
				GCC_WARN_UNDECLARED_SELECTOR = YES;
				GCC_WARN_UNINITIALIZED_AUTOS = YES_AGGRESSIVE;
				GCC_WARN_UNUSED_FUNCTION = YES;
				GCC_WARN_UNUSED_VARIABLE = YES;
				IPHONEOS_DEPLOYMENT_TARGET = 18.2;
				LOCALIZATION_PREFERS_STRING_CATALOGS = YES;
				MTL_ENABLE_DEBUG_INFO = NO;
				MTL_FAST_MATH = YES;
				SDKROOT = iphoneos;
				SWIFT_COMPILATION_MODE = wholemodule;
				VALIDATE_PRODUCT = YES;
			};
			name = Release;
		};
		2CC9519E2D8A7A4E00A9C2F9 /* Debug */ = {
			isa = XCBuildConfiguration;
			buildSettings = {
				BUNDLE_LOADER = "$(TEST_HOST)";
				CODE_SIGN_STYLE = Automatic;
				CURRENT_PROJECT_VERSION = 1;
				DEVELOPMENT_TEAM = 46373LZ8Y6;
				GENERATE_INFOPLIST_FILE = YES;
				IPHONEOS_DEPLOYMENT_TARGET = 18.2;
				MARKETING_VERSION = 1.0;
				PRODUCT_BUNDLE_IDENTIFIER = com.nitin.ProductAppTests;
				PRODUCT_NAME = "$(TARGET_NAME)";
				SWIFT_EMIT_LOC_STRINGS = NO;
				SWIFT_VERSION = 5.0;
				TARGETED_DEVICE_FAMILY = "1,2";
				TEST_HOST = "$(BUILT_PRODUCTS_DIR)/ProductApp.app/$(BUNDLE_EXECUTABLE_FOLDER_PATH)/ProductApp";
			};
			name = Debug;
		};
		2CC9519F2D8A7A4E00A9C2F9 /* Release */ = {
			isa = XCBuildConfiguration;
			buildSettings = {
				BUNDLE_LOADER = "$(TEST_HOST)";
				CODE_SIGN_STYLE = Automatic;
				CURRENT_PROJECT_VERSION = 1;
				DEVELOPMENT_TEAM = 46373LZ8Y6;
				GENERATE_INFOPLIST_FILE = YES;
				IPHONEOS_DEPLOYMENT_TARGET = 18.2;
				MARKETING_VERSION = 1.0;
				PRODUCT_BUNDLE_IDENTIFIER = com.nitin.ProductAppTests;
				PRODUCT_NAME = "$(TARGET_NAME)";
				SWIFT_EMIT_LOC_STRINGS = NO;
				SWIFT_VERSION = 5.0;
				TARGETED_DEVICE_FAMILY = "1,2";
				TEST_HOST = "$(BUILT_PRODUCTS_DIR)/ProductApp.app/$(BUNDLE_EXECUTABLE_FOLDER_PATH)/ProductApp";
			};
			name = Release;
		};
		2CC951A12D8A7A4E00A9C2F9 /* Debug */ = {
			isa = XCBuildConfiguration;
			buildSettings = {
				CODE_SIGN_STYLE = Automatic;
				CURRENT_PROJECT_VERSION = 1;
				DEVELOPMENT_TEAM = 46373LZ8Y6;
				GENERATE_INFOPLIST_FILE = YES;
				MARKETING_VERSION = 1.0;
				PRODUCT_BUNDLE_IDENTIFIER = com.nitin.ProductAppUITests;
				PRODUCT_NAME = "$(TARGET_NAME)";
				SWIFT_EMIT_LOC_STRINGS = NO;
				SWIFT_VERSION = 5.0;
				TARGETED_DEVICE_FAMILY = "1,2";
				TEST_TARGET_NAME = ProductApp;
			};
			name = Debug;
		};
		2CC951A22D8A7A4E00A9C2F9 /* Release */ = {
			isa = XCBuildConfiguration;
			buildSettings = {
				CODE_SIGN_STYLE = Automatic;
				CURRENT_PROJECT_VERSION = 1;
				DEVELOPMENT_TEAM = 46373LZ8Y6;
				GENERATE_INFOPLIST_FILE = YES;
				MARKETING_VERSION = 1.0;
				PRODUCT_BUNDLE_IDENTIFIER = com.nitin.ProductAppUITests;
				PRODUCT_NAME = "$(TARGET_NAME)";
				SWIFT_EMIT_LOC_STRINGS = NO;
				SWIFT_VERSION = 5.0;
				TARGETED_DEVICE_FAMILY = "1,2";
				TEST_TARGET_NAME = ProductApp;
			};
			name = Release;
		};
/* End XCBuildConfiguration section */

/* Begin XCConfigurationList section */
		2CC9516A2D8A7A4C00A9C2F9 /* Build configuration list for PBXProject "ProductApp" */ = {
			isa = XCConfigurationList;
			buildConfigurations = (
				2CC9519B2D8A7A4E00A9C2F9 /* Debug */,
				2CC9519C2D8A7A4E00A9C2F9 /* Release */,
			);
			defaultConfigurationIsVisible = 0;
			defaultConfigurationName = Release;
		};
		2CC951982D8A7A4E00A9C2F9 /* Build configuration list for PBXNativeTarget "ProductApp" */ = {
			isa = XCConfigurationList;
			buildConfigurations = (
				2CC951992D8A7A4E00A9C2F9 /* Debug */,
				2CC9519A2D8A7A4E00A9C2F9 /* Release */,
			);
			defaultConfigurationIsVisible = 0;
			defaultConfigurationName = Release;
		};
		2CC9519D2D8A7A4E00A9C2F9 /* Build configuration list for PBXNativeTarget "ProductAppTests" */ = {
			isa = XCConfigurationList;
			buildConfigurations = (
				2CC9519E2D8A7A4E00A9C2F9 /* Debug */,
				2CC9519F2D8A7A4E00A9C2F9 /* Release */,
			);
			defaultConfigurationIsVisible = 0;
			defaultConfigurationName = Release;
		};
		2CC951A02D8A7A4E00A9C2F9 /* Build configuration list for PBXNativeTarget "ProductAppUITests" */ = {
			isa = XCConfigurationList;
			buildConfigurations = (
				2CC951A12D8A7A4E00A9C2F9 /* Debug */,
				2CC951A22D8A7A4E00A9C2F9 /* Release */,
			);
			defaultConfigurationIsVisible = 0;
			defaultConfigurationName = Release;
		};
/* End XCConfigurationList section */
	};
	rootObject = 2CC951672D8A7A4C00A9C2F9 /* Project object */;
}
